
Microsoft Visual Studio Solution File, Format Version 11.00
# Visual Studio 2010
Project("{FAE04EC0-301F-11D3-BF4B-00C04F79EFBC}") = "WxSDK", "WxSDK\WxSDK.csproj", "{82A18043-BDBC-4DAA-BDAE-7ADB01C47C82}"
EndProject
Project("{E24C65DC-7377-472B-9ABA-BC803B73C61A}") = "WxDemo", "WxDemo\", "{95A851B3-AA41-4EF5-A342-5C05BA10A496}"
	ProjectSection(WebsiteProperties) = preProject
		TargetFrameworkMoniker = ".NETFramework,Version%3Dv2.0"
		ProjectReferences = "{82A18043-BDBC-4DAA-BDAE-7ADB01C47C82}|WxSDK.dll;"
		Debug.AspNetCompiler.VirtualPath = "/WxDemo"
		Debug.AspNetCompiler.PhysicalPath = "WxDemo\"
		Debug.AspNetCompiler.TargetPath = "PrecompiledWeb\WxDemo\"
		Debug.AspNetCompiler.Updateable = "true"
		Debug.AspNetCompiler.ForceOverwrite = "true"
		Debug.AspNetCompiler.FixedNames = "false"
		Debug.AspNetCompiler.Debug = "True"
		Release.AspNetCompiler.VirtualPath = "/WxDemo"
		Release.AspNetCompiler.PhysicalPath = "WxDemo\"
		Release.AspNetCompiler.TargetPath = "PrecompiledWeb\WxDemo\"
		Release.AspNetCompiler.Updateable = "true"
		Release.AspNetCompiler.ForceOverwrite = "true"
		Release.AspNetCompiler.FixedNames = "false"
		Release.AspNetCompiler.Debug = "False"
		VWDPort = "16801"
		DefaultWebSiteLanguage = "Visual C#"
	EndProjectSection
EndProject
Global
	GlobalSection(SolutionConfigurationPlatforms) = preSolution
		Debug|Any CPU = Debug|Any CPU
		Release|Any CPU = Release|Any CPU
	EndGlobalSection
	GlobalSection(ProjectConfigurationPlatforms) = postSolution
		{82A18043-BDBC-4DAA-BDAE-7ADB01C47C82}.Debug|Any CPU.ActiveCfg = Debug|Any CPU
		{82A18043-BDBC-4DAA-BDAE-7ADB01C47C82}.Debug|Any CPU.Build.0 = Debug|Any CPU
		{82A18043-BDBC-4DAA-BDAE-7ADB01C47C82}.Release|Any CPU.ActiveCfg = Release|Any CPU
		{82A18043-BDBC-4DAA-BDAE-7ADB01C47C82}.Release|Any CPU.Build.0 = Release|Any CPU
		{95A851B3-AA41-4EF5-A342-5C05BA10A496}.Debug|Any CPU.ActiveCfg = Debug|Any CPU
		{95A851B3-AA41-4EF5-A342-5C05BA10A496}.Debug|Any CPU.Build.0 = Debug|Any CPU
		{95A851B3-AA41-4EF5-A342-5C05BA10A496}.Release|Any CPU.ActiveCfg = Debug|Any CPU
		{95A851B3-AA41-4EF5-A342-5C05BA10A496}.Release|Any CPU.Build.0 = Debug|Any CPU
	EndGlobalSection
	GlobalSection(SolutionProperties) = preSolution
		HideSolutionNode = FALSE
	EndGlobalSection
EndGlobal
